{
    "_readme": [
        "This file locks the dependencies of your project to a known state",
        "Read more about it at https://getcomposer.org/doc/01-basic-usage.md#installing-dependencies",
        "This file is @generated automatically"
    ],
    "content-hash": "d814fae8febefcb7aef0e1cf455539f6",
    "packages": [
        {
            "name": "echovel/framework",
            "version": "dev-main",
            "dist": {
                "type": "path",
                "url": "../framework",
                "reference": "c8ffb6637a47696c2c8c4bdd655939ba65855ec8"
            },
            "require": {
                "php": "^8.0"
            },
            "type": "library",
            "autoload": {
                "psr-4": {
                    "Kite\\Core\\": "src/"
                },
                "files": [
                    "src/helpers.php"
                ]
            },
            "license": [
                "MIT"
            ],
            "description": "The KitePHP Framework Core",
            "transport-options": {
                "relative": true
            }
        }
    ],
    "packages-dev": [],
    "aliases": [],
    "minimum-stability": "dev",
    "stability-flags": {
        "echovel/framework": 20
    },
    "prefer-stable": true,
    "prefer-lowest": false,
    "platform": {
        "php": "^8.0"
    },
    "platform-dev": {},
    "plugin-api-version": "2.9.0"
}
